
Microsoft Visual Studio Solution File, Format Version 12.00
# Visual Studio 15
VisualStudioVersion = 15.0.27130.2020
MinimumVisualStudioVersion = 10.0.40219.1
Project("{FAE04EC0-301F-11D3-BF4B-00C04F79EFBC}") = "Heroes", "Heroes\Heroes.csproj", "{7581F7DC-12F1-4CD4-953A-0678B61B1238}"
EndProject
Global
	GlobalSection(SolutionConfigurationPlatforms) = preSolution
		Debug|Any CPU = Debug|Any CPU
		Release|Any CPU = Release|Any CPU
	EndGlobalSection
	GlobalSection(ProjectConfigurationPlatforms) = postSolution
		{7581F7DC-12F1-4CD4-953A-0678B61B1238}.Debug|Any CPU.ActiveCfg = Debug|Any CPU
		{7581F7DC-12F1-4CD4-953A-0678B61B1238}.Debug|Any CPU.Build.0 = Debug|Any CPU
		{7581F7DC-12F1-4CD4-953A-0678B61B1238}.Release|Any CPU.ActiveCfg = Release|Any CPU
		{7581F7DC-12F1-4CD4-953A-0678B61B1238}.Release|Any CPU.Build.0 = Release|Any CPU
	EndGlobalSection
	GlobalSection(SolutionProperties) = preSolution
		HideSolutionNode = FALSE
	EndGlobalSection
	GlobalSection(ExtensibilityGlobals) = postSolution
		SolutionGuid = {21C67B23-B1FC-4B27-A363-FDF05EBE3DA1}
	EndGlobalSection
EndGlobal
